Microsoft Visual Studio Solution File, Format Version 12.00
# Visual Studio 2012
Project("{FAE04EC0-301F-11D3-BF4B-00C04F79EFBC}") = "PlatformGame", "PlatformGame.csproj", "{FEA31914-21AF-44DB-B2E8-DF1F21E1E521}"
EndProject
Global
	GlobalSection(SolutionConfigurationPlatforms) = preSolution
	Debug|Any CPU = Debug|Any CPU
	ExportDebug|Any CPU = ExportDebug|Any CPU
	ExportRelease|Any CPU = ExportRelease|Any CPU
	EndGlobalSection
	GlobalSection(ProjectConfigurationPlatforms) = postSolution
		{FEA31914-21AF-44DB-B2E8-DF1F21E1E521}.Debug|Any CPU.ActiveCfg = Debug|Any CPU
		{FEA31914-21AF-44DB-B2E8-DF1F21E1E521}.Debug|Any CPU.Build.0 = Debug|Any CPU
		{FEA31914-21AF-44DB-B2E8-DF1F21E1E521}.ExportDebug|Any CPU.ActiveCfg = ExportDebug|Any CPU
		{FEA31914-21AF-44DB-B2E8-DF1F21E1E521}.ExportDebug|Any CPU.Build.0 = ExportDebug|Any CPU
		{FEA31914-21AF-44DB-B2E8-DF1F21E1E521}.ExportRelease|Any CPU.ActiveCfg = ExportRelease|Any CPU
		{FEA31914-21AF-44DB-B2E8-DF1F21E1E521}.ExportRelease|Any CPU.Build.0 = ExportRelease|Any CPU
	EndGlobalSection
EndGlobal
